
Microsoft Visual Studio Solution File, Format Version 12.00
# Visual Studio Version 17
VisualStudioVersion = 17.10.34707.107
MinimumVisualStudioVersion = 10.0.40219.1
Project("{9A19103F-16F7-4668-BE54-9A1E7A4F7556}") = "Edit Employees Salary", "Edit Employees Salary.csproj", "{E6E7C302-5D9B-4545-AC4F-4104B5B1C041}"
EndProject
Project("{9A19103F-16F7-4668-BE54-9A1E7A4F7556}") = "A_Layer", "..\clsData\A_Layer.csproj", "{A7817C33-A983-43F7-ABF1-7DC93FEF7C90}"
EndProject
Project("{FAE04EC0-301F-11D3-BF4B-00C04F79EFBC}") = "B_layer", "..\B_layer\B_layer.csproj", "{316081E3-F83A-4062-A523-EE56708F8A8E}"
EndProject
Global
	GlobalSection(SolutionConfigurationPlatforms) = preSolution
		Debug|Any CPU = Debug|Any CPU
		Release|Any CPU = Release|Any CPU
	EndGlobalSection
	GlobalSection(ProjectConfigurationPlatforms) = postSolution
		{E6E7C302-5D9B-4545-AC4F-4104B5B1C041}.Debug|Any CPU.ActiveCfg = Debug|Any CPU
		{E6E7C302-5D9B-4545-AC4F-4104B5B1C041}.Debug|Any CPU.Build.0 = Debug|Any CPU
		{E6E7C302-5D9B-4545-AC4F-4104B5B1C041}.Release|Any CPU.ActiveCfg = Release|Any CPU
		{E6E7C302-5D9B-4545-AC4F-4104B5B1C041}.Release|Any CPU.Build.0 = Release|Any CPU
		{A7817C33-A983-43F7-ABF1-7DC93FEF7C90}.Debug|Any CPU.ActiveCfg = Debug|Any CPU
		{A7817C33-A983-43F7-ABF1-7DC93FEF7C90}.Debug|Any CPU.Build.0 = Debug|Any CPU
		{A7817C33-A983-43F7-ABF1-7DC93FEF7C90}.Release|Any CPU.ActiveCfg = Release|Any CPU
		{A7817C33-A983-43F7-ABF1-7DC93FEF7C90}.Release|Any CPU.Build.0 = Release|Any CPU
		{316081E3-F83A-4062-A523-EE56708F8A8E}.Debug|Any CPU.ActiveCfg = Debug|Any CPU
		{316081E3-F83A-4062-A523-EE56708F8A8E}.Debug|Any CPU.Build.0 = Debug|Any CPU
		{316081E3-F83A-4062-A523-EE56708F8A8E}.Release|Any CPU.ActiveCfg = Release|Any CPU
		{316081E3-F83A-4062-A523-EE56708F8A8E}.Release|Any CPU.Build.0 = Release|Any CPU
	EndGlobalSection
	GlobalSection(SolutionProperties) = preSolution
		HideSolutionNode = FALSE
	EndGlobalSection
	GlobalSection(ExtensibilityGlobals) = postSolution
		SolutionGuid = {8C5C8107-46E2-44AB-BD3B-0EA87AE4F363}
	EndGlobalSection
EndGlobal
